
Microsoft Visual Studio Solution File, Format Version 12.00
# Visual Studio 15
Project("{FAE04EC0-301F-11D3-BF4B-00C04F79EFBC}") = "Assembly-CSharp", "Assembly-CSharp.csproj", "{B673AC18-95A2-5317-E5DB-555ED3C4CAE3}"
EndProject
Global
	GlobalSection(SolutionConfigurationPlatforms) = preSolution
		Debug|Any CPU = Debug|Any CPU
		Release|Any CPU = Release|Any CPU
	EndGlobalSection
	GlobalSection(ProjectConfigurationPlatforms) = postSolution
		{B673AC18-95A2-5317-E5DB-555ED3C4CAE3}.Debug|Any CPU.ActiveCfg = Debug|Any CPU
		{B673AC18-95A2-5317-E5DB-555ED3C4CAE3}.Debug|Any CPU.Build.0 = Debug|Any CPU
		{B673AC18-95A2-5317-E5DB-555ED3C4CAE3}.Release|Any CPU.ActiveCfg = Release|Any CPU
		{B673AC18-95A2-5317-E5DB-555ED3C4CAE3}.Release|Any CPU.Build.0 = Release|Any CPU
	EndGlobalSection
	GlobalSection(SolutionProperties) = preSolution
		HideSolutionNode = FALSE
	EndGlobalSection
EndGlobal
